# THIS IS AN AUTOGENERATED FILE. DO NOT EDIT THIS FILE DIRECTLY.
# yarn lockfile v1


"@antmjs/iconfont@1.9.4":
  version "1.9.4"
  resolved "https://registry.npmjs.org/@antmjs/iconfont/-/iconfont-1.9.4.tgz#afc0ba1a46ac57dc3fd53a32bd77a3d8fedceaf7"
  integrity sha512-BCfFno9w5NCwgM0x5adPJest7mJPjTzhGgSrLoF3p7dwDcjVokl1Cx1Jh1ZNlGHD9DGHTdvzUC9q/ExD/c5uAA==

"@babel/runtime-corejs3@^7.14.7":
  version "7.15.4"
  resolved "https://registry.npmjs.org/@babel/runtime-corejs3/-/runtime-corejs3-7.15.4.tgz#403139af262b9a6e8f9ba04a6fdcebf8de692bf1"
  integrity sha512-lWcAqKeB624/twtTc3w6w/2o9RqJPaNBhPGK6DKLSiwuVWC7WFkypWyNg+CpZoyJH0jVzv1uMtXZ/5/lQOLtCg==
  dependencies:
    core-js-pure "^3.16.0"
    regenerator-runtime "^0.13.4"

"@babel/runtime@^7.11.2", "@babel/runtime@^7.12.5", "@babel/runtime@^7.7.6":
  version "7.15.4"
  resolved "https://registry.nlark.com/@babel/runtime/download/@babel/runtime-7.15.4.tgz?cache=0&sync_timestamp=1630618785994&other_urls=https%3A%2F%2Fregistry.nlark.com%2F%40babel%2Fruntime%2Fdownload%2F%40babel%2Fruntime-7.15.4.tgz#fd17d16bfdf878e6dd02d19753a39fa8a8d9c84a"
  integrity sha1-/RfRa/34eObdAtGXU6OfqKjZyEo=
  dependencies:
    regenerator-runtime "^0.13.4"

"@stencil/core@2.4.0":
  version "2.4.0"
  resolved "https://registry.npmjs.org/@stencil/core/-/core-2.4.0.tgz#17b45629c8986e35dcbce3f7dab7d64beede83f2"
  integrity sha512-gU6+Yyd6O0KrCSS/O6j8KKqmRo+/Dcs2fI0+APCpbAWK+nqhwDISpdnSEfGDCLMoAC08XOZCycBRk2K1VGnEcg==

"@tarojs/api@3.3.7":
  version "3.3.7"
  resolved "https://registry.npmjs.org/@tarojs/api/-/api-3.3.7.tgz#a8c772cc032155c9fbfe8900a42d587a1aa72d68"
  integrity sha512-vieCYlaZj0sdT5/ovIOBt/RBTtXVEA+Ek1MEkeqzH96ViC/KchCQfyQqtnvlyFbM02vKq2zJfW1b0chFyCToIQ==
  dependencies:
    "@babel/runtime" "^7.11.2"
    "@tarojs/runtime" "3.3.7"

"@tarojs/components@^3.3.2":
  version "3.3.7"
  resolved "https://registry.npmjs.org/@tarojs/components/-/components-3.3.7.tgz#a6277cd1a496786a82ab7debbc7e14bcd47d6f50"
  integrity sha512-14N1Yufnwqi4M68Utef6vPqSW3xCbaZXJT/WnLOoe8QaB24ElD9KOcSPaSz+sB9NH+LWGXJtPvxp0MdDiDaLSw==
  dependencies:
    "@stencil/core" "2.4.0"
    "@tarojs/taro" "3.3.7"
    better-scroll "^1.14.1"
    classnames "^2.2.5"
    intersection-observer "^0.7.0"
    omit.js "^1.0.0"
    resolve-pathname "^3.0.0"
    swiper "6.8.0"
    weui "^1.1.2"

"@tarojs/router@3.3.7":
  version "3.3.7"
  resolved "https://registry.npmjs.org/@tarojs/router/-/router-3.3.7.tgz#4a88b725dc46929bf1bf1a85796b2fb1e95998f1"
  integrity sha512-JTV91eiBZtb0eao7cs+FXv4CQrwg8niLyjgJiCjogHDF6DhjzjM746sUdB2iu+V2yVVFlcCDD7txKxAFN8uf2g==
  dependencies:
    "@tarojs/runtime" "3.3.7"
    history "^5.0.0"
    query-string "^6.13.8"
    universal-router "^8.3.0"
    url-parse "^1.4.7"

"@tarojs/runtime@3.3.7":
  version "3.3.7"
  resolved "https://registry.npmjs.org/@tarojs/runtime/-/runtime-3.3.7.tgz#31d70d1fec713cac7c40a0bcdaedf02b49a92cff"
  integrity sha512-HvNkHnN7RJCN3yXfNj95wMx02nlIeT3JTeMYKmiosWBaxVdXlIK9qmBjrO6MYb26k5dIjWwXue7HDOwLVOHDNw==
  dependencies:
    "@tarojs/shared" "3.3.7"
    inversify "5.1.1"
    lodash-es "4.17.15"
    reflect-metadata "^0.1.13"

"@tarojs/shared@3.3.7":
  version "3.3.7"
  resolved "https://registry.npmjs.org/@tarojs/shared/-/shared-3.3.7.tgz#19446411d3f0cc5c422091f193ae33a0e101ea41"
  integrity sha512-DzEhe+MwXNK83ePmQf2ckUiJywWgaq2BtB/QXzlINzfQ6ZTPOo9dMJjrIRZUgXviY2oEUSBWGH4NiPcFme0CeQ==

"@tarojs/taro-h5@3.3.7":
  version "3.3.7"
  resolved "https://registry.npmjs.org/@tarojs/taro-h5/-/taro-h5-3.3.7.tgz#56afabc15a8f041ce5ef1e2ea2b3f66d9727a62f"
  integrity sha512-yLoBL+Q0GNncjFW9UZRmQSaojX+ujnse0n+gCZ4i4BkLWE8JNo0wYpNlsdAoRuytSJsxyev+efKFy3XAqxNLVg==
  dependencies:
    "@tarojs/api" "3.3.7"
    "@tarojs/router" "3.3.7"
    "@tarojs/runtime" "3.3.7"
    base64-js "^1.3.0"
    jsonp-retry "^1.0.3"
    mobile-detect "^1.4.2"
    raf "^3.4.1"
    whatwg-fetch "^3.4.0"

"@tarojs/taro@3.3.7", "@tarojs/taro@^3.3.2":
  version "3.3.7"
  resolved "https://registry.npmjs.org/@tarojs/taro/-/taro-3.3.7.tgz#a7c182b51bbf7afa9686b6d6bc297bfba5f07fed"
  integrity sha512-eb6vXMKliGzcWTwo4YOuXqQGCJJyB+oCCypjoDSg/burEDQkC8Qgy4gtqZxaZQHHFnBgWMH7dOwx3/tsUW4xqg==
  dependencies:
    "@tarojs/api" "3.3.7"
    "@tarojs/runtime" "3.3.7"
    "@tarojs/taro-h5" "3.3.7"

"@types/lodash.flow@^3.5.6":
  version "3.5.6"
  resolved "https://registry.npmjs.org/@types/lodash.flow/-/lodash.flow-3.5.6.tgz#ecbdae376e610313ac6361430f2f59a8dc9a813f"
  integrity sha512-mpSgC8s1alwO8I5223G//0vSt1BTR395TdxbkprAUgedRaW71Ew9ajSIjk9hsSpWxGki6ExPDnI3zKeJjyeHwQ==
  dependencies:
    "@types/lodash" "*"

"@types/lodash@*":
  version "4.14.172"
  resolved "https://registry.npmjs.org/@types/lodash/-/lodash-4.14.172.tgz#aad774c28e7bfd7a67de25408e03ee5a8c3d028a"
  integrity sha512-/BHF5HAx3em7/KkzVKm3LrsD6HZAXuXO1AJZQ3cRRBZj4oHZDviWPYu0aEplAqDFNHZPW6d3G7KN+ONcCCC7pw==

"@types/prop-types@*":
  version "15.7.4"
  resolved "https://registry.npmjs.org/@types/prop-types/-/prop-types-15.7.4.tgz#fcf7205c25dff795ee79af1e30da2c9790808f11"
  integrity sha512-rZ5drC/jWjrArrS8BR6SIr4cWpW09RNTYt9AMZo3Jwwif+iacXAqgVjm0B0Bv/S1jhDXKHqRVNCbACkJ89RAnQ==

"@types/react@^17.0.17":
  version "17.0.20"
  resolved "https://registry.npmjs.org/@types/react/-/react-17.0.20.tgz#a4284b184d47975c71658cd69e759b6bd37c3b8c"
  integrity sha512-wWZrPlihslrPpcKyCSlmIlruakxr57/buQN1RjlIeaaTWDLtJkTtRW429MoQJergvVKc4IWBpRhWw7YNh/7GVA==
  dependencies:
    "@types/prop-types" "*"
    "@types/scheduler" "*"
    csstype "^3.0.2"

"@types/scheduler@*":
  version "0.16.2"
  resolved "https://registry.npmjs.org/@types/scheduler/-/scheduler-0.16.2.tgz#1a62f89525723dde24ba1b01b092bf5df8ad4d39"
  integrity sha512-hppQEBDmlwhFAXKJX2KnWLYu5yMfi91yazPb2l+lbJiwW+wdo1gNeRA+3RgNSO39WYX2euey41KEwnqesU2Jew==

"@vant/icons@^1.7.0":
  version "1.7.0"
  resolved "https://registry.npmjs.org/@vant/icons/-/icons-1.7.0.tgz#02d427532a8142c35db159da9c364fe6890c3ac9"
  integrity sha512-sqKvtYcSgSd6+AU1nBPaZARn2Nzf8hi0ErLhfXVR6f+Y7R0gojGZVoxuB83yUI6+0LwbitW5IfN3E6qzEsu21Q==

babel-runtime@^6.0.0, babel-runtime@^6.23.0:
  version "6.26.0"
  resolved "https://registry.npmjs.org/babel-runtime/-/babel-runtime-6.26.0.tgz#965c7058668e82b55d7bfe04ff2337bc8b5647fe"
  integrity sha1-llxwWGaOgrVde/4E/yM3vItWR/4=
  dependencies:
    core-js "^2.4.0"
    regenerator-runtime "^0.11.0"

base64-js@^1.3.0:
  version "1.5.1"
  resolved "https://registry.npmjs.org/base64-js/-/base64-js-1.5.1.tgz#1b1b440160a5bf7ad40b650f095963481903930a"
  integrity sha512-AKpaYlHn8t4SVbOHCy+b5+KKgvR4vrsD8vbvrbiQJps7fKDTkjkDry6ji0rUJjC0kzbNePLwzxq8iypo41qeWA==

better-scroll@^1.14.1:
  version "1.15.2"
  resolved "https://registry.npmjs.org/better-scroll/-/better-scroll-1.15.2.tgz#65ffc6058b8b4ff337b8dfad4bcb334d7699ceb6"
  integrity sha512-sSY2N8I9/B+YX/9JpIz6pMQYnmBuvspBqZG4UxYaQEfz/ZWrnxwdyKLL4t6IKpFmxqtZadVypXw7vSSHxBZpBQ==
  dependencies:
    babel-runtime "^6.0.0"

classnames@^2.2.5, classnames@^2.3.1:
  version "2.3.1"
  resolved "https://registry.npmjs.org/classnames/-/classnames-2.3.1.tgz#dfcfa3891e306ec1dad105d0e88f4417b8535e8e"
  integrity sha512-OlQdbZ7gLfGarSqxesMesDa5uz7KFbID8Kpq/SxIoNGDqY8lSYs0D+hhtBXhcdB3rcbXArFr7vlHheLk1voeNA==

core-js-pure@^3.16.0:
  version "3.17.3"
  resolved "https://registry.npmjs.org/core-js-pure/-/core-js-pure-3.17.3.tgz#98ea3587188ab7ef4695db6518eeb71aec42604a"
  integrity sha512-YusrqwiOTTn8058JDa0cv9unbXdIiIgcgI9gXso0ey4WgkFLd3lYlV9rp9n7nDCsYxXsMDTjA4m1h3T348mdlQ==

core-js@^2.4.0:
  version "2.6.12"
  resolved "https://registry.npmjs.org/core-js/-/core-js-2.6.12.tgz#d9333dfa7b065e347cc5682219d6f690859cc2ec"
  integrity sha512-Kb2wC0fvsWfQrgk8HU5lW6U/Lcs8+9aaYcy4ZFc6DDlo4nZ7n70dEgE5rtR0oG6ufKDUnrwfWL1mXR5ljDatrQ==

csstype@^3.0.2:
  version "3.0.9"
  resolved "https://registry.npmjs.org/csstype/-/csstype-3.0.9.tgz#6410af31b26bd0520933d02cbc64fce9ce3fbf0b"
  integrity sha512-rpw6JPxK6Rfg1zLOYCSwle2GFOOsnjmDYDaBwEcwoOg4qlsIVCN789VkBZDJAGi4T07gI4YSutR43t9Zz4Lzuw==

dayjs@^1.10.6:
  version "1.10.7"
  resolved "https://registry.npmjs.org/dayjs/-/dayjs-1.10.7.tgz#2cf5f91add28116748440866a0a1d26f3a6ce468"
  integrity sha512-P6twpd70BcPK34K26uJ1KT3wlhpuOAPoMwJzpsIWUxHZ7wpmbdZL/hQqBDfz7hGurYSa5PhzdhDHtt319hL3ig==

decode-uri-component@^0.2.0:
  version "0.2.0"
  resolved "https://registry.npmjs.org/decode-uri-component/-/decode-uri-component-0.2.0.tgz#eb3913333458775cb84cd1a1fae062106bb87545"
  integrity sha1-6zkTMzRYd1y4TNGh+uBiEGu4dUU=

dom7@^3.0.0:
  version "3.0.0"
  resolved "https://registry.npmjs.org/dom7/-/dom7-3.0.0.tgz#b861ce5d67a6becd7aaa3ad02942ff14b1240331"
  integrity sha512-oNlcUdHsC4zb7Msx7JN3K0Nro1dzJ48knvBOnDPKJ2GV9wl1i5vydJZUSyOfrkKFDZEud/jBsTk92S/VGSAe/g==
  dependencies:
    ssr-window "^3.0.0-alpha.1"

filter-obj@^1.1.0:
  version "1.1.0"
  resolved "https://registry.npmjs.org/filter-obj/-/filter-obj-1.1.0.tgz#9b311112bc6c6127a16e016c6c5d7f19e0805c5b"
  integrity sha1-mzERErxsYSehbgFsbF1/GeCAXFs=

history@^5.0.0:
  version "5.0.1"
  resolved "https://registry.npmjs.org/history/-/history-5.0.1.tgz#de35025ed08bce0db62364b47ebbf9d97b5eb06a"
  integrity sha512-5qC/tFUKfVci5kzgRxZxN5Mf1CV8NmJx9ByaPX0YTLx5Vz3Svh7NYp6eA4CpDq4iA9D0C1t8BNIfvQIrUI3mVw==
  dependencies:
    "@babel/runtime" "^7.7.6"

intersection-observer@^0.7.0:
  version "0.7.0"
  resolved "https://registry.npmjs.org/intersection-observer/-/intersection-observer-0.7.0.tgz#ee16bee978db53516ead2f0a8154b09b400bbdc9"
  integrity sha512-Id0Fij0HsB/vKWGeBe9PxeY45ttRiBmhFyyt/geBdDHBYNctMRTE3dC1U3ujzz3lap+hVXlEcVaB56kZP/eEUg==

inversify@5.1.1:
  version "5.1.1"
  resolved "https://registry.npmjs.org/inversify/-/inversify-5.1.1.tgz#6fbd668c591337404e005a1946bfe0d802c08730"
  integrity sha512-j8grHGDzv1v+8T1sAQ+3boTCntFPfvxLCkNcxB1J8qA0lUN+fAlSyYd+RXKvaPRL4AGyPxViutBEJHNXOyUdFQ==

"js-tokens@^3.0.0 || ^4.0.0":
  version "4.0.0"
  resolved "https://registry.npmjs.org/js-tokens/-/js-tokens-4.0.0.tgz#19203fb59991df98e3a287050d4647cdeaf32499"
  integrity sha512-RdJUflcE3cUzKiMqQgsCu06FPu9UdIJO0beYbPhHN4k6apgJtifcoCtT9bcxOpYBtpD2kCM6Sbzg4CausW/PKQ==

jsonp-retry@^1.0.3:
  version "1.0.3"
  resolved "https://registry.npmjs.org/jsonp-retry/-/jsonp-retry-1.0.3.tgz#9e6b18b02ec767a621dd44b4e99439a8a43a6419"
  integrity sha512-/jmE9+shtKP+oIt2AWO9Wx+C27NTGpLCEw4QHOqpoV2X6ta374HE9C+EEdgu8r3iLKgFMx7u5j0mCwxWN8UdlA==
  dependencies:
    object-assign "^4.1.1"

lodash-es@4.17.15:
  version "4.17.15"
  resolved "https://registry.npmjs.org/lodash-es/-/lodash-es-4.17.15.tgz#21bd96839354412f23d7a10340e5eac6ee455d78"
  integrity sha512-rlrc3yU3+JNOpZ9zj5pQtxnx2THmvRykwL4Xlxoa8I9lHBlVbbyPhgyPMioxVZ4NqyxaVVtaJnzsyOidQIhyyQ==

lodash.flow@^3.5.0:
  version "3.5.0"
  resolved "https://registry.npmjs.org/lodash.flow/-/lodash.flow-3.5.0.tgz#87bf40292b8cf83e4e8ce1a3ae4209e20071675a"
  integrity sha1-h79AKSuM+D5OjOGjrkIJ4gBxZ1o=

loose-envify@^1.1.0, loose-envify@^1.4.0:
  version "1.4.0"
  resolved "https://registry.npmjs.org/loose-envify/-/loose-envify-1.4.0.tgz#71ee51fa7be4caec1a63839f7e682d8132d30caf"
  integrity sha512-lyuxPGr/Wfhrlem2CL/UcnUc1zcqKAImBDzukY7Y5F/yQiNdko6+fRLevlw1HgMySw7f611UIY408EtxRSoK3Q==
  dependencies:
    js-tokens "^3.0.0 || ^4.0.0"

mobile-detect@^1.4.2:
  version "1.4.5"
  resolved "https://registry.npmjs.org/mobile-detect/-/mobile-detect-1.4.5.tgz#da393c3c413ca1a9bcdd9ced653c38281c0fb6ad"
  integrity sha512-yc0LhH6tItlvfLBugVUEtgawwFU2sIe+cSdmRJJCTMZ5GEJyLxNyC/NIOAOGk67Fa8GNpOttO3Xz/1bHpXFD/g==

object-assign@^4.1.1:
  version "4.1.1"
  resolved "https://registry.npmjs.org/object-assign/-/object-assign-4.1.1.tgz#2109adc7965887cfc05cbbd442cac8bfbb360863"
  integrity sha1-IQmtx5ZYh8/AXLvUQsrIv7s2CGM=

omit.js@^1.0.0:
  version "1.0.2"
  resolved "https://registry.npmjs.org/omit.js/-/omit.js-1.0.2.tgz#91a14f0eba84066dfa015bf30e474c47f30bc858"
  integrity sha512-/QPc6G2NS+8d4L/cQhbk6Yit1WTB6Us2g84A7A/1+w9d/eRGHyEqC5kkQtHVoHZ5NFWGG7tUGgrhVZwgZanKrQ==
  dependencies:
    babel-runtime "^6.23.0"

path-to-regexp@^3.1.0:
  version "3.2.0"
  resolved "https://registry.npmjs.org/path-to-regexp/-/path-to-regexp-3.2.0.tgz#fa7877ecbc495c601907562222453c43cc204a5f"
  integrity sha512-jczvQbCUS7XmS7o+y1aEO9OBVFeZBQ1MDSEqmO7xSoPgOPoowY/SxLpZ6Vh97/8qHZOteiCKb7gkG9gA2ZUxJA==

performance-now@^2.1.0:
  version "2.1.0"
  resolved "https://registry.npmjs.org/performance-now/-/performance-now-2.1.0.tgz#6309f4e0e5fa913ec1c69307ae364b4b377c9e7b"
  integrity sha1-Ywn04OX6kT7BxpMHrjZLSzd8nns=

prop-types@^15.7.2:
  version "15.7.2"
  resolved "https://registry.npmjs.org/prop-types/-/prop-types-15.7.2.tgz#52c41e75b8c87e72b9d9360e0206b99dcbffa6c5"
  integrity sha512-8QQikdH7//R2vurIJSutZ1smHYTcLpRWEOlHnzcWHmBYrOGUysKwSsrC89BCiFj3CbrfJ/nXFdJepOVrY1GCHQ==
  dependencies:
    loose-envify "^1.4.0"
    object-assign "^4.1.1"
    react-is "^16.8.1"

query-string@^6.13.8:
  version "6.14.1"
  resolved "https://registry.npmjs.org/query-string/-/query-string-6.14.1.tgz#7ac2dca46da7f309449ba0f86b1fd28255b0c86a"
  integrity sha512-XDxAeVmpfu1/6IjyT/gXHOl+S0vQ9owggJ30hhWKdHAsNPOcasn5o9BW0eejZqL2e4vMjhAxoW3jVHcD6mbcYw==
  dependencies:
    decode-uri-component "^0.2.0"
    filter-obj "^1.1.0"
    split-on-first "^1.0.0"
    strict-uri-encode "^2.0.0"

querystringify@^2.1.1:
  version "2.2.0"
  resolved "https://registry.npmjs.org/querystringify/-/querystringify-2.2.0.tgz#3345941b4153cb9d082d8eee4cda2016a9aef7f6"
  integrity sha512-FIqgj2EUvTa7R50u0rGsyTftzjYmv/a3hO345bZNrqabNqjtgiDMgmo4mkUjd+nzU5oF3dClKqFIPUKybUyqoQ==

raf@^3.4.1:
  version "3.4.1"
  resolved "https://registry.npmjs.org/raf/-/raf-3.4.1.tgz#0742e99a4a6552f445d73e3ee0328af0ff1ede39"
  integrity sha512-Sq4CW4QhwOHE8ucn6J34MqtZCeWFP2aQSmrlroYgqAV1PjStIhJXxYuTgUIfkEk7zTLjmIjLmU5q+fbD1NnOJA==
  dependencies:
    performance-now "^2.1.0"

rc-util@^5.14.0:
  version "5.14.0"
<<<<<<< HEAD
  resolved "https://registry.nlark.com/rc-util/download/rc-util-5.14.0.tgz?cache=0&sync_timestamp=1631611509279&other_urls=https%3A%2F%2Fregistry.nlark.com%2Frc-util%2Fdownload%2Frc-util-5.14.0.tgz#52c650e27570c2c47f7936c7d32eaec5212492a8"
  integrity sha1-UsZQ4nVwwsR/eTbH0y6uxSEkkqg=
=======
  resolved "https://registry.npmjs.org/rc-util/-/rc-util-5.14.0.tgz#52c650e27570c2c47f7936c7d32eaec5212492a8"
  integrity sha512-2vy6/Z1BJUcwLjm/UEJb/htjUTQPigITUIemCcFEo1fQevAumc9sA32x2z5qyWoa9uhrXbiAjSDpPIUqyg65sA==
>>>>>>> main
  dependencies:
    "@babel/runtime" "^7.12.5"
    react-is "^16.12.0"
    shallowequal "^1.1.0"

react-dom@^17.0.2:
  version "17.0.2"
  resolved "https://registry.npmjs.org/react-dom/-/react-dom-17.0.2.tgz#ecffb6845e3ad8dbfcdc498f0d0a939736502c23"
  integrity sha512-s4h96KtLDUQlsENhMn1ar8t2bEa+q/YAtj8pPPdIjPDGBDIVNsrD9aXNWqspUe6AzKCIG0C1HZZLqLV7qpOBGA==
  dependencies:
    loose-envify "^1.1.0"
    object-assign "^4.1.1"
    scheduler "^0.20.2"

react-is@^16.12.0, react-is@^16.8.1:
  version "16.13.1"
  resolved "https://registry.npmjs.org/react-is/-/react-is-16.13.1.tgz#789729a4dc36de2999dc156dd6c1d9c18cea56a4"
  integrity sha512-24e6ynE2H+OKt4kqsOvNd8kBpV65zoxbA4BVsEOB3ARVWQki/DHzaUoC5KuON/BiccDaCCTZBuOcfZs70kR8bQ==

react@^17.0.2:
  version "17.0.2"
  resolved "https://registry.npmjs.org/react/-/react-17.0.2.tgz#d0b5cc516d29eb3eee383f75b62864cfb6800037"
  integrity sha512-gnhPt75i/dq/z3/6q/0asP78D0u592D5L1pd7M8P+dck6Fu/jJeL6iVVK23fptSUZj8Vjf++7wXA8UNclGQcbA==
  dependencies:
    loose-envify "^1.1.0"
    object-assign "^4.1.1"

reflect-metadata@^0.1.13:
  version "0.1.13"
  resolved "https://registry.npmjs.org/reflect-metadata/-/reflect-metadata-0.1.13.tgz#67ae3ca57c972a2aa1642b10fe363fe32d49dc08"
  integrity sha512-Ts1Y/anZELhSsjMcU605fU9RE4Oi3p5ORujwbIKXfWa+0Zxs510Qrmrce5/Jowq3cHSZSJqBjypxmHarc+vEWg==

regenerator-runtime@^0.11.0:
  version "0.11.1"
  resolved "https://registry.npmjs.org/regenerator-runtime/-/regenerator-runtime-0.11.1.tgz#be05ad7f9bf7d22e056f9726cee5017fbf19e2e9"
  integrity sha512-MguG95oij0fC3QV3URf4V2SDYGJhJnJGqvIIgdECeODCT98wSWDAJ94SSuVpYQUoTcGUIL6L4yNB7j1DFFHSBg==

regenerator-runtime@^0.13.4:
  version "0.13.9"
  resolved "https://registry.npmjs.org/regenerator-runtime/-/regenerator-runtime-0.13.9.tgz#8925742a98ffd90814988d7566ad30ca3b263b52"
  integrity sha512-p3VT+cOEgxFsRRA9X4lkI1E+k2/CtnKtU4gcxyaCUreilL/vqI6CdZ3wxVUx3UOUg+gnUOQQcRI7BmSI656MYA==

requires-port@^1.0.0:
  version "1.0.0"
  resolved "https://registry.npmjs.org/requires-port/-/requires-port-1.0.0.tgz#925d2601d39ac485e091cf0da5c6e694dc3dcaff"
  integrity sha1-kl0mAdOaxIXgkc8NpcbmlNw9yv8=

resolve-pathname@^3.0.0:
  version "3.0.0"
  resolved "https://registry.npmjs.org/resolve-pathname/-/resolve-pathname-3.0.0.tgz#99d02224d3cf263689becbb393bc560313025dcd"
  integrity sha512-C7rARubxI8bXFNB/hqcp/4iUeIXJhJZvFPFPiSPRnhU5UPxzMFIl+2E6yY6c4k9giDJAhtV+enfA+G89N6Csng==

scheduler@^0.20.2:
  version "0.20.2"
  resolved "https://registry.npmjs.org/scheduler/-/scheduler-0.20.2.tgz#4baee39436e34aa93b4874bddcbf0fe8b8b50e91"
  integrity sha512-2eWfGgAqqWFGqtdMmcL5zCMK1U8KlXv8SQFGglL3CEtd0aDVDWgeF/YoCmvln55m5zSk3J/20hTaSBeSObsQDQ==
  dependencies:
    loose-envify "^1.1.0"
    object-assign "^4.1.1"

shallowequal@^1.1.0:
  version "1.1.0"
<<<<<<< HEAD
  resolved "https://registry.npm.taobao.org/shallowequal/download/shallowequal-1.1.0.tgz#188d521de95b9087404fd4dcb68b13df0ae4e7f8"
  integrity sha1-GI1SHelbkIdAT9TctosT3wrk5/g=
=======
  resolved "https://registry.npmjs.org/shallowequal/-/shallowequal-1.1.0.tgz#188d521de95b9087404fd4dcb68b13df0ae4e7f8"
  integrity sha512-y0m1JoUZSlPAjXVtPPW70aZWfIL/dSP7AFkRnniLCrK/8MDKog3TySTBmckD+RObVxH0v4Tox67+F14PdED2oQ==
>>>>>>> main

split-on-first@^1.0.0:
  version "1.1.0"
  resolved "https://registry.npmjs.org/split-on-first/-/split-on-first-1.1.0.tgz#f610afeee3b12bce1d0c30425e76398b78249a5f"
  integrity sha512-43ZssAJaMusuKWL8sKUBQXHWOpq8d6CfN/u1p4gUzfJkM05C8rxTmYrkIPTXapZpORA6LkkzcUulJ8FqA7Uudw==

ssr-window@^3.0.0, ssr-window@^3.0.0-alpha.1:
  version "3.0.0"
  resolved "https://registry.npmjs.org/ssr-window/-/ssr-window-3.0.0.tgz#fd5b82801638943e0cc704c4691801435af7ac37"
  integrity sha512-q+8UfWDg9Itrg0yWK7oe5p/XRCJpJF9OBtXfOPgSJl+u3Xd5KI328RUEvUqSMVM9CiQUEf1QdBzJMkYGErj9QA==

strict-uri-encode@^2.0.0:
  version "2.0.0"
  resolved "https://registry.npmjs.org/strict-uri-encode/-/strict-uri-encode-2.0.0.tgz#b9c7330c7042862f6b142dc274bbcc5866ce3546"
  integrity sha1-ucczDHBChi9rFC3CdLvMWGbONUY=

swiper@6.8.0:
  version "6.8.0"
  resolved "https://registry.npmjs.org/swiper/-/swiper-6.8.0.tgz#61c850f49ba778e403f00a01fe0b768bd85d0d20"
  integrity sha512-6H3e7VOihasMp8sPXNhRDkc61UD0XeFlefbWfUHecBLBTtmA+9WxJiKDBMdzgetK1cny+5+mKfVcsmxYgnEDSw==
  dependencies:
    dom7 "^3.0.0"
    ssr-window "^3.0.0"

universal-router@^8.3.0:
  version "8.3.0"
  resolved "https://registry.npmjs.org/universal-router/-/universal-router-8.3.0.tgz#533bce135d7b1abf591421c5d2028d54407a34a0"
  integrity sha512-cBkihRoHvRQAjdUnDE1GGuuw/TPAIi8z2pEsSmUVAWLeZdgjHzzAb1+0VOO6NvBOvySItOTQikzaGlRxRdJBnA==
  dependencies:
    path-to-regexp "^3.1.0"

url-parse@^1.4.7:
  version "1.5.3"
  resolved "https://registry.npmjs.org/url-parse/-/url-parse-1.5.3.tgz#71c1303d38fb6639ade183c2992c8cc0686df862"
  integrity sha512-IIORyIQD9rvj0A4CLWsHkBBJuNqWpFQe224b6j9t/ABmquIS0qDU2pY6kl6AuOrL5OkCXHMCFNe1jBcuAggjvQ==
  dependencies:
    querystringify "^2.1.1"
    requires-port "^1.0.0"

weui@^1.1.2:
  version "1.1.3"
  resolved "https://registry.npmjs.org/weui/-/weui-1.1.3.tgz#0f0899bb61bb2ec603b2648367a8139298f81514"
  integrity sha512-vC6eWUvG1MYoE8yLsvBBmLB2+4DZWynQOL47MUscHMwPVltOZPGsiRb2PE7y3z+w3ElF1SsmJsyhr40wiXgP5A==

whatwg-fetch@^3.4.0:
  version "3.6.2"
  resolved "https://registry.npmjs.org/whatwg-fetch/-/whatwg-fetch-3.6.2.tgz#dced24f37f2624ed0281725d51d0e2e3fe677f8c"
  integrity sha512-bJlen0FcuU/0EMLrdbJ7zOnW6ITZLrZMIarMUVmdKtsGvZna8vxKYaexICWPfZ8qwf9fzNq+UEIZrnSaApt6RA==
