# THIS IS AN AUTOGENERATED FILE. DO NOT EDIT THIS FILE DIRECTLY.
# yarn lockfile v1


"@antmjs/vantui-cli@file:../../../antm/packages/vantui-cli":
  "resolved" "file:../../../antm/packages/vantui-cli"
  "version" "0.0.0"
  dependencies:
    "@antmjs/babel-preset" "1.18.4"
    "@babel/core" "^7.16.0"
    "@babel/plugin-transform-runtime" "^7.17.10"
    "@babel/plugin-transform-typescript" "^7.16.8"
    "@babel/preset-env" "^7.17.10"
    "@babel/preset-typescript" "^7.16.0"
    "autoprefixer" "^10.4.0"
    "babel-loader" "^8.2.5"
    "chalk" "^4.1.2"
    "chokidar" "^3.5.3"
    "classnames" "^2.3.1"
    "clean-css" "^5.2.2"
    "commander" "^8.3.0"
    "consola" "^2.15.3"
    "conventional-changelog" "^3.1.24"
    "css-loader" "^6.7.1"
    "execa" "^5.1.1"
    "fast-glob" "^3.2.7"
    "fs-extra" "^10.1.0"
    "hash-sum" "^2.0.0"
    "highlight.js" "^11.3.1"
    "html-webpack-plugin" "^5.5.0"
    "less" "^4.1.2"
    "less-loader" "^10.2.0"
    "lodash-es" "^4.17.21"
    "markdown-it" "^12.2.0"
    "markdown-it-anchor" "^8.4.1"
    "mini-css-extract-plugin" "^2.6.0"
    "net" "^1.0.2"
    "ora" "^6.0.1"
    "postcss" "^8.3.11"
    "postcss-load-config" "^3.1.0"
    "postcss-loader" "^6.2.1"
    "raw-loader" "^4.0.2"
    "react" "^18.1.0"
    "react-dom" "^18.1.0"
    "react-hot-toast" "^2.2.0"
    "react-router-dom" "^5.3.0"
    "release-it" "^14.11.6"
    "transliteration" "^2.2.0"
    "typescript" "^4.4.4"
    "webpack" "^5.72.0"
    "webpack-dev-server" "^4.8.1"

"@babel/parser@^7.15.0":
  "integrity" "sha1-e6zcvnG9w/+TbVEMFdzqfPC5kBY="
  "resolved" "https://registry.npmmirror.com/@babel/parser/download/@babel/parser-7.15.8.tgz"
  "version" "7.15.8"

"@textlint/ast-node-types@^4.0.0":
  "integrity" "sha1-/boW6BJs3cUPRUM85/bFXngpVmw="
  "resolved" "https://registry.nlark.com/@textlint/ast-node-types/download/@textlint/ast-node-types-4.4.3.tgz"
  "version" "4.4.3"

"@vue/compiler-core@3.2.20":
  "integrity" "sha1-r1o8UjeBiDWw0L6DfrWIWo0hwWA="
  "resolved" "https://registry.npmmirror.com/@vue/compiler-core/download/@vue/compiler-core-3.2.20.tgz"
  "version" "3.2.20"
  dependencies:
    "@babel/parser" "^7.15.0"
    "@vue/shared" "3.2.20"
    "estree-walker" "^2.0.2"
    "source-map" "^0.6.1"

"@vue/compiler-dom@3.2.20":
  "integrity" "sha1-jg7zVEScD69BUZsAv8IEXq4B3LU="
  "resolved" "https://registry.npmmirror.com/@vue/compiler-dom/download/@vue/compiler-dom-3.2.20.tgz"
  "version" "3.2.20"
  dependencies:
    "@vue/compiler-core" "3.2.20"
    "@vue/shared" "3.2.20"

"@vue/compiler-sfc@^3.0.0", "@vue/compiler-sfc@3.2.20":
  "integrity" "sha1-LXZo528GbFZt18CcFcmszk6Hbgo="
  "resolved" "https://registry.npmmirror.com/@vue/compiler-sfc/download/@vue/compiler-sfc-3.2.20.tgz?cache=0&sync_timestamp=1633712855900&other_urls=https%3A%2F%2Fregistry.npmmirror.com%2F%40vue%2Fcompiler-sfc%2Fdownload%2F%40vue%2Fcompiler-sfc-3.2.20.tgz"
  "version" "3.2.20"
  dependencies:
    "@babel/parser" "^7.15.0"
    "@vue/compiler-core" "3.2.20"
    "@vue/compiler-dom" "3.2.20"
    "@vue/compiler-ssr" "3.2.20"
    "@vue/ref-transform" "3.2.20"
    "@vue/shared" "3.2.20"
    "estree-walker" "^2.0.2"
    "magic-string" "^0.25.7"
    "postcss" "^8.1.10"
    "source-map" "^0.6.1"

"@vue/compiler-ssr@3.2.20":
  "integrity" "sha1-nM62Jh2ZMstVaCAmEMHCj4bF5SE="
  "resolved" "https://registry.npmmirror.com/@vue/compiler-ssr/download/@vue/compiler-ssr-3.2.20.tgz"
  "version" "3.2.20"
  dependencies:
    "@vue/compiler-dom" "3.2.20"
    "@vue/shared" "3.2.20"

"@vue/reactivity@3.2.20":
  "integrity" "sha1-gf4cNo5/ILwOwd7BBFu+4lNYLeg="
  "resolved" "https://registry.npmmirror.com/@vue/reactivity/download/@vue/reactivity-3.2.20.tgz"
  "version" "3.2.20"
  dependencies:
    "@vue/shared" "3.2.20"

"@vue/ref-transform@3.2.20":
  "integrity" "sha1-KlnskMr45cczZ3agkAv/CouBwJA="
  "resolved" "https://registry.npmmirror.com/@vue/ref-transform/download/@vue/ref-transform-3.2.20.tgz"
  "version" "3.2.20"
  dependencies:
    "@babel/parser" "^7.15.0"
    "@vue/compiler-core" "3.2.20"
    "@vue/shared" "3.2.20"
    "estree-walker" "^2.0.2"
    "magic-string" "^0.25.7"

"@vue/runtime-core@3.2.20":
  "integrity" "sha1-j2PpVqP4j7dyVBRDxFp3ASEQEss="
  "resolved" "https://registry.npmmirror.com/@vue/runtime-core/download/@vue/runtime-core-3.2.20.tgz"
  "version" "3.2.20"
  dependencies:
    "@vue/reactivity" "3.2.20"
    "@vue/shared" "3.2.20"

"@vue/runtime-dom@3.2.20":
  "integrity" "sha1-iqVq5sMPnNSnHKDp7DxL3GcUjRU="
  "resolved" "https://registry.npmmirror.com/@vue/runtime-dom/download/@vue/runtime-dom-3.2.20.tgz"
  "version" "3.2.20"
  dependencies:
    "@vue/runtime-core" "3.2.20"
    "@vue/shared" "3.2.20"
    "csstype" "^2.6.8"

"@vue/server-renderer@3.2.20":
  "integrity" "sha1-cF4HrpQlEysrYifTCKUaE/TU7IE="
  "resolved" "https://registry.npmmirror.com/@vue/server-renderer/download/@vue/server-renderer-3.2.20.tgz"
  "version" "3.2.20"
  dependencies:
    "@vue/compiler-ssr" "3.2.20"
    "@vue/shared" "3.2.20"

"@vue/shared@3.2.20":
  "integrity" "sha1-U3RpYfcxqOpmbjMWJx6UQjjcMds="
  "resolved" "https://registry.npmmirror.com/@vue/shared/download/@vue/shared-3.2.20.tgz?cache=0&sync_timestamp=1633712593357&other_urls=https%3A%2F%2Fregistry.npmmirror.com%2F%40vue%2Fshared%2Fdownload%2F%40vue%2Fshared-3.2.20.tgz"
  "version" "3.2.20"

"ansi-regex@^5.0.1":
  "integrity" "sha512-quJQXlTSUGL2LH9SUXo8VwsY4soanhgo6LNSm84E1LBcE8s3O0wpdiRzyR9z/ZZJMlMWv37qOOb9pdJlMUEKFQ=="
  "resolved" "https://registry.npmmirror.com/ansi-regex/-/ansi-regex-5.0.1.tgz"
  "version" "5.0.1"

"ansi-styles@^4.1.0":
  "integrity" "sha512-zbB9rCJAT1rbjiVDb2hqKFHNYLxgtk8NURxZ3IZwD3F6NtxbXZQCnnSi1Lkx+IDohdPlFp222wVALIheZJQSEg=="
  "resolved" "https://registry.npmmirror.com/ansi-styles/-/ansi-styles-4.3.0.tgz"
  "version" "4.3.0"
  dependencies:
    "color-convert" "^2.0.1"

"ast-to-markdown@^1.0.0":
  "integrity" "sha1-MHPD4V7Bp2hATKRY8mqfA+HpPXA="
  "resolved" "https://registry.npmmirror.com/ast-to-markdown/download/ast-to-markdown-1.0.0.tgz"
  "version" "1.0.0"

"bail@^1.0.0":
  "integrity" "sha1-tvoTNASjksvB+MS/Y/WVM1Hnp3Y="
  "resolved" "https://registry.nlark.com/bail/download/bail-1.0.5.tgz?cache=0&sync_timestamp=1621397991032&other_urls=https%3A%2F%2Fregistry.nlark.com%2Fbail%2Fdownload%2Fbail-1.0.5.tgz"
  "version" "1.0.5"

"balanced-match@^1.0.0":
  "integrity" "sha1-6D46fj8wCzTLnYf2FfoMvzV2kO4="
  "resolved" "https://registry.nlark.com/balanced-match/download/balanced-match-1.0.2.tgz"
  "version" "1.0.2"

"base64-js@^1.3.1":
  "integrity" "sha512-AKpaYlHn8t4SVbOHCy+b5+KKgvR4vrsD8vbvrbiQJps7fKDTkjkDry6ji0rUJjC0kzbNePLwzxq8iypo41qeWA=="
  "resolved" "https://registry.npmmirror.com/base64-js/-/base64-js-1.5.1.tgz"
  "version" "1.5.1"

"bl@^4.1.0":
  "integrity" "sha512-1W07cM9gS6DcLperZfFSj+bWLtaPGSOHWhPiGzXmvVJbRLdG82sH/Kn8EtW1VqWVA54AKf2h5k5BbnIbwF3h6w=="
  "resolved" "https://registry.npmmirror.com/bl/-/bl-4.1.0.tgz"
  "version" "4.1.0"
  dependencies:
    "buffer" "^5.5.0"
    "inherits" "^2.0.4"
    "readable-stream" "^3.4.0"

"boundary@^1.0.1":
  "integrity" "sha1-TWfcJgLAzBbdm85+v4fpSCkPWBI="
  "resolved" "https://registry.nlark.com/boundary/download/boundary-1.0.1.tgz"
  "version" "1.0.1"

"brace-expansion@^1.1.7":
  "integrity" "sha1-PH/L9SnYcibz0vUrlm/1Jx60Qd0="
  "resolved" "https://registry.nlark.com/brace-expansion/download/brace-expansion-1.1.11.tgz"
  "version" "1.1.11"
  dependencies:
    "balanced-match" "^1.0.0"
    "concat-map" "0.0.1"

"buffer@^5.5.0":
  "integrity" "sha512-EHcyIPBQ4BSGlvjB16k5KgAJ27CIsHY/2JBmCRReo48y9rQ3MaUzWX3KVlBa4U7MyX02HdVj0K7C3WaB3ju7FQ=="
  "resolved" "https://registry.npmmirror.com/buffer/-/buffer-5.7.1.tgz"
  "version" "5.7.1"
  dependencies:
    "base64-js" "^1.3.1"
    "ieee754" "^1.1.13"

"ccount@^1.0.0":
  "integrity" "sha1-JGaH3rtgFHNRMb6KurLZOJj40EM="
  "resolved" "https://registry.npm.taobao.org/ccount/download/ccount-1.1.0.tgz"
  "version" "1.1.0"

"chalk@^4.1.0":
  "integrity" "sha512-oKnbhFyRIXpUuez8iBMmyEa4nbj4IOQyuhc/wy9kY7/WVPcwIO9VA668Pu8RkO7+0G76SLROeyw9CpQ061i4mA=="
  "resolved" "https://registry.npmmirror.com/chalk/-/chalk-4.1.2.tgz"
  "version" "4.1.2"
  dependencies:
    "ansi-styles" "^4.1.0"
    "supports-color" "^7.1.0"

"character-entities-html4@^1.0.0":
  "integrity" "sha1-DmSwo3U92/H9wETF/QHQGZoC4SU="
  "resolved" "https://registry.npmmirror.com/character-entities-html4/download/character-entities-html4-1.1.4.tgz"
  "version" "1.1.4"

"character-entities-legacy@^1.0.0":
  "integrity" "sha1-lLwYRdznClu50uzHSHJWYSk9j8E="
  "resolved" "https://registry.npm.taobao.org/character-entities-legacy/download/character-entities-legacy-1.1.4.tgz"
  "version" "1.1.4"

"character-entities@^1.0.0":
  "integrity" "sha1-4Sw5Obfq9OWxXnrUxeKOHUjFsWs="
  "resolved" "https://registry.npm.taobao.org/character-entities/download/character-entities-1.2.4.tgz"
  "version" "1.2.4"

"character-reference-invalid@^1.0.0":
  "integrity" "sha1-CDMpzaDq4nKrPbvzfpo4LBOvFWA="
  "resolved" "https://registry.npm.taobao.org/character-reference-invalid/download/character-reference-invalid-1.1.4.tgz?cache=0&sync_timestamp=1615289617203&other_urls=https%3A%2F%2Fregistry.npm.taobao.org%2Fcharacter-reference-invalid%2Fdownload%2Fcharacter-reference-invalid-1.1.4.tgz"
  "version" "1.1.4"

"cli-cursor@^3.1.0":
  "integrity" "sha512-I/zHAwsKf9FqGoXM4WWRACob9+SNukZTd94DWF57E4toouRulbCxcUh6RKUEOQlYTHJnzkPMySvPNaaSLNfLZw=="
  "resolved" "https://registry.npmmirror.com/cli-cursor/-/cli-cursor-3.1.0.tgz"
  "version" "3.1.0"
  dependencies:
    "restore-cursor" "^3.1.0"

"cli-spinners@^2.5.0":
  "integrity" "sha512-x/5fWmGMnbKQAaNwN+UZlV79qBLM9JFnJuJ03gIi5whrob0xV0ofNVHy9DhwGdsMJQc2OKv0oGmLzvaqvAVv+g=="
  "resolved" "https://registry.npmmirror.com/cli-spinners/-/cli-spinners-2.6.1.tgz"
  "version" "2.6.1"

"clone@^1.0.2":
  "integrity" "sha512-JQHZ2QMW6l3aH/j6xCqQThY/9OH4D/9ls34cgkUBiEeocRTU04tHfKPBsUK1PqZCUQM7GiA0IIXJSuXHI64Kbg=="
  "resolved" "https://registry.npmmirror.com/clone/-/clone-1.0.4.tgz"
  "version" "1.0.4"

"collapse-white-space@^1.0.2":
  "integrity" "sha1-5jYpwAFmZXkgYNu+t5xCI50sUoc="
  "resolved" "https://registry.npm.taobao.org/collapse-white-space/download/collapse-white-space-1.0.6.tgz?cache=0&sync_timestamp=1615196661688&other_urls=https%3A%2F%2Fregistry.npm.taobao.org%2Fcollapse-white-space%2Fdownload%2Fcollapse-white-space-1.0.6.tgz"
  "version" "1.0.6"

"color-convert@^2.0.1":
  "integrity" "sha512-RRECPsj7iu/xb5oKYcsFHSppFNnsj/52OVTRKb4zP5onXwVF3zVmmToNcOfGC+CRDpfK/U584fMg38ZHCaElKQ=="
  "resolved" "https://registry.npmmirror.com/color-convert/-/color-convert-2.0.1.tgz"
  "version" "2.0.1"
  dependencies:
    "color-name" "~1.1.4"

"color-name@~1.1.4":
  "integrity" "sha512-dOy+3AuW3a2wNbZHIuMZpTcgjGuLU/uBL/ubcZF9OXbDo8ff4O8yVp5Bf0efS8uEoYo5q4Fx7dY9OgQGXgAsQA=="
  "resolved" "https://registry.npmmirror.com/color-name/-/color-name-1.1.4.tgz"
  "version" "1.1.4"

"concat-map@0.0.1":
  "integrity" "sha1-2Klr13/Wjfd5OnMDajug1UBdR3s="
  "resolved" "https://registry.npm.taobao.org/concat-map/download/concat-map-0.0.1.tgz"
  "version" "0.0.1"

"cross-env@^7.0.3":
  "integrity" "sha1-hlJkspZ33AFbqEGJGJZd0jL8VM8="
  "resolved" "https://registry.npm.taobao.org/cross-env/download/cross-env-7.0.3.tgz"
  "version" "7.0.3"
  dependencies:
    "cross-spawn" "^7.0.1"

"cross-spawn@^7.0.1":
  "integrity" "sha512-iRDPJKUPVEND7dHPO8rkbOnPpyDygcDFtWjpeWNCgy8WP2rXcxXL8TskReQl6OrB2G7+UJrags1q15Fudc7G6w=="
  "resolved" "https://registry.npmmirror.com/cross-spawn/-/cross-spawn-7.0.3.tgz"
  "version" "7.0.3"
  dependencies:
    "path-key" "^3.1.0"
    "shebang-command" "^2.0.0"
    "which" "^2.0.1"

"csstype@^2.6.8":
  "integrity" "sha1-mAqLUwhfNK8xNBCvBk8r0kF4Qhg="
  "resolved" "https://registry.nlark.com/csstype/download/csstype-2.6.18.tgz?cache=0&sync_timestamp=1631540709509&other_urls=https%3A%2F%2Fregistry.nlark.com%2Fcsstype%2Fdownload%2Fcsstype-2.6.18.tgz"
  "version" "2.6.18"

"debug@^2.1.3":
  "integrity" "sha1-XRKFFd8TT/Mn6QpMk/Tgd6U2NB8="
  "resolved" "https://registry.nlark.com/debug/download/debug-2.6.9.tgz?cache=0&sync_timestamp=1625374675284&other_urls=https%3A%2F%2Fregistry.nlark.com%2Fdebug%2Fdownload%2Fdebug-2.6.9.tgz"
  "version" "2.6.9"
  dependencies:
    "ms" "2.0.0"

"defaults@^1.0.3":
  "integrity" "sha512-s82itHOnYrN0Ib8r+z7laQz3sdE+4FP3d9Q7VLO7U+KRT+CR0GsWuyHxzdAY82I7cXv0G/twrqomTJLOssO5HA=="
  "resolved" "https://registry.npmmirror.com/defaults/-/defaults-1.0.3.tgz"
  "version" "1.0.3"
  dependencies:
    "clone" "^1.0.2"

"estree-walker@^2.0.2":
  "integrity" "sha512-Rfkk/Mp/DL7JVje3u18FxFujQlTNR2q6QfMSMB7AvCBx91NGj/ba3kCfza0f6dVDbw7YlRf/nDrn7pQrCCyQ/w=="
  "resolved" "https://registry.npmmirror.com/estree-walker/-/estree-walker-2.0.2.tgz"
  "version" "2.0.2"

"extend@^3.0.0":
  "integrity" "sha1-+LETa0Bx+9jrFAr/hYsQGewpFfo="
  "resolved" "https://registry.nlark.com/extend/download/extend-3.0.2.tgz"
  "version" "3.0.2"

"fs.realpath@^1.0.0":
  "integrity" "sha1-FQStJSMVjKpA20onh8sBQRmU6k8="
  "resolved" "https://registry.nlark.com/fs.realpath/download/fs.realpath-1.0.0.tgz"
  "version" "1.0.0"

"function-bind@^1.1.1":
  "integrity" "sha1-pWiZ0+o8m6uHS7l3O3xe3pL0iV0="
  "resolved" "https://registry.nlark.com/function-bind/download/function-bind-1.1.1.tgz"
  "version" "1.1.1"

"glob@^7.2.0":
  "integrity" "sha512-lmLf6gtyrPq8tTjSmrO94wBeQbFR3HbLHbuyD69wuyQkImp2hWqMGB47OX65FBkPffO641IP9jWa1z4ivqG26Q=="
  "resolved" "https://registry.npmmirror.com/glob/-/glob-7.2.0.tgz"
  "version" "7.2.0"
  dependencies:
    "fs.realpath" "^1.0.0"
    "inflight" "^1.0.4"
    "inherits" "2"
    "minimatch" "^3.0.4"
    "once" "^1.3.0"
    "path-is-absolute" "^1.0.0"

"has-flag@^4.0.0":
  "integrity" "sha512-EykJT/Q1KjTWctppgIAgfSO0tKVuZUjhgMr17kqTumMl6Afv3EISleU7qZUzoXDFTAHTDC4NOoG/ZxU3EvlMPQ=="
  "resolved" "https://registry.npmmirror.com/has-flag/-/has-flag-4.0.0.tgz"
  "version" "4.0.0"

"has@^1.0.1":
  "integrity" "sha512-f2dvO0VU6Oej7RkWJGrehjbzMAjFp5/VKPp5tTpWIV4JHHZK1/BxbFRtf/siA2SWTe09caDmVtYYzWEIbBS4zw=="
  "resolved" "https://registry.npmmirror.com/has/-/has-1.0.3.tgz"
  "version" "1.0.3"
  dependencies:
    "function-bind" "^1.1.1"

"ieee754@^1.1.13":
  "integrity" "sha512-dcyqhDvX1C46lXZcVqCpK+FtMRQVdIMN6/Df5js2zouUsqG7I6sFxitIC+7KYK29KdXOLHdu9zL4sFnoVQnqaA=="
  "resolved" "https://registry.npmmirror.com/ieee754/-/ieee754-1.2.1.tgz"
  "version" "1.2.1"

"inflight@^1.0.4":
  "integrity" "sha1-Sb1jMdfQLQwJvJEKEHW6gWW1bfk="
  "resolved" "https://registry.nlark.com/inflight/download/inflight-1.0.6.tgz"
  "version" "1.0.6"
  dependencies:
    "once" "^1.3.0"
    "wrappy" "1"

"inherits@^2.0.0", "inherits@^2.0.3", "inherits@^2.0.4", "inherits@2":
  "integrity" "sha1-D6LGT5MpF8NDOg3tVTY6rjdBa3w="
  "resolved" "https://registry.nlark.com/inherits/download/inherits-2.0.4.tgz"
  "version" "2.0.4"

"is-alphabetical@^1.0.0":
  "integrity" "sha1-nn1rlJFr4iFTdF0YTCmMv5hqaG0="
  "resolved" "https://registry.nlark.com/is-alphabetical/download/is-alphabetical-1.0.4.tgz"
  "version" "1.0.4"

"is-alphanumeric@^1.0.0":
  "integrity" "sha1-Spzvcdr0wAHB2B1j0UDPU/1oifQ="
  "resolved" "https://registry.npm.taobao.org/is-alphanumeric/download/is-alphanumeric-1.0.0.tgz"
  "version" "1.0.0"

"is-alphanumerical@^1.0.0":
  "integrity" "sha1-frmiQx+FX2se8aeOMm31FWlsTb8="
  "resolved" "https://registry.npm.taobao.org/is-alphanumerical/download/is-alphanumerical-1.0.4.tgz?cache=0&sync_timestamp=1615453958702&other_urls=https%3A%2F%2Fregistry.npm.taobao.org%2Fis-alphanumerical%2Fdownload%2Fis-alphanumerical-1.0.4.tgz"
  "version" "1.0.4"
  dependencies:
    "is-alphabetical" "^1.0.0"
    "is-decimal" "^1.0.0"

"is-buffer@^1.1.4":
  "integrity" "sha512-NcdALwpXkTm5Zvvbk7owOUSvVvBKDgKP5/ewfXEznmQFfs4ZRmanOeKBTjRVjka3QFoN6XJ+9F3USqfHqTaU5w=="
  "resolved" "https://registry.npmmirror.com/is-buffer/-/is-buffer-1.1.6.tgz"
  "version" "1.1.6"

"is-decimal@^1.0.0":
  "integrity" "sha1-ZaOllYocW2OnBuGzM9fNn2MNP6U="
  "resolved" "https://registry.npm.taobao.org/is-decimal/download/is-decimal-1.0.4.tgz?cache=0&sync_timestamp=1615453959001&other_urls=https%3A%2F%2Fregistry.npm.taobao.org%2Fis-decimal%2Fdownload%2Fis-decimal-1.0.4.tgz"
  "version" "1.0.4"

"is-hexadecimal@^1.0.0":
  "integrity" "sha1-zDXJdYjaS9Saju3WvECC1E3LI6c="
  "resolved" "https://registry.nlark.com/is-hexadecimal/download/is-hexadecimal-1.0.4.tgz"
  "version" "1.0.4"

"is-interactive@^1.0.0":
  "integrity" "sha512-2HvIEKRoqS62guEC+qBjpvRubdX910WCMuJTZ+I9yvqKU2/12eSL549HMwtabb4oupdj2sMP50k+XJfB/8JE6w=="
  "resolved" "https://registry.npmmirror.com/is-interactive/-/is-interactive-1.0.0.tgz"
  "version" "1.0.0"

"is-plain-obj@^1.1.0":
  "integrity" "sha1-caUMhCnfync8kqOQpKA7OfzVHT4="
  "resolved" "https://registry.npm.taobao.org/is-plain-obj/download/is-plain-obj-1.1.0.tgz"
  "version" "1.1.0"

"is-unicode-supported@^0.1.0":
  "integrity" "sha512-knxG2q4UC3u8stRGyAVJCOdxFmv5DZiRcdlIaAQXAbSfJya+OhopNotLQrstBhququ4ZpuKbDc/8S6mgXgPFPw=="
  "resolved" "https://registry.npmmirror.com/is-unicode-supported/-/is-unicode-supported-0.1.0.tgz"
  "version" "0.1.0"

"is-whitespace-character@^1.0.0":
  "integrity" "sha1-CFjt2UqVWUx8ndC1wXTsbkXuSqc="
  "resolved" "https://registry.npmmirror.com/is-whitespace-character/download/is-whitespace-character-1.0.4.tgz"
  "version" "1.0.4"

"is-word-character@^1.0.0":
  "integrity" "sha1-zg5zIW+YWZBgWS9i/zE1TdvrAjA="
  "resolved" "https://registry.npmmirror.com/is-word-character/download/is-word-character-1.0.4.tgz?cache=0&other_urls=https%3A%2F%2Fregistry.npmmirror.com%2Fis-word-character%2Fdownload%2Fis-word-character-1.0.4.tgz"
  "version" "1.0.4"

"isexe@^2.0.0":
  "integrity" "sha1-6PvzdNxVb/iUehDcsFctYz8s+hA="
  "resolved" "https://registry.npm.taobao.org/isexe/download/isexe-2.0.0.tgz"
  "version" "2.0.0"

"log-symbols@^4.1.0":
  "integrity" "sha512-8XPvpAA8uyhfteu8pIvQxpJZ7SYYdpUivZpGy6sFsBuKRY/7rQGavedeB8aK+Zkyq6upMFVL/9AW6vOYzfRyLg=="
  "resolved" "https://registry.npmmirror.com/log-symbols/-/log-symbols-4.1.0.tgz"
  "version" "4.1.0"
  dependencies:
    "chalk" "^4.1.0"
    "is-unicode-supported" "^0.1.0"

"longest-streak@^2.0.1":
  "integrity" "sha1-uFmZV9pbXatk3uP+MW+ndFl9kOQ="
  "resolved" "https://registry.nlark.com/longest-streak/download/longest-streak-2.0.4.tgz"
  "version" "2.0.4"

"magic-string@^0.25.7":
  "integrity" "sha1-P0l9b9NMZpxnmNy4IfLvMfVEUFE="
  "resolved" "https://registry.nlark.com/magic-string/download/magic-string-0.25.7.tgz?cache=0&sync_timestamp=1618847046304&other_urls=https%3A%2F%2Fregistry.nlark.com%2Fmagic-string%2Fdownload%2Fmagic-string-0.25.7.tgz"
  "version" "0.25.7"
  dependencies:
    "sourcemap-codec" "^1.4.4"

"markdown-escapes@^1.0.0":
  "integrity" "sha1-yVQV70UUmddgK5EJXzyOiXX3hTU="
  "resolved" "https://registry.npmmirror.com/markdown-escapes/download/markdown-escapes-1.0.4.tgz?cache=0&sync_timestamp=1635887464232&other_urls=https%3A%2F%2Fregistry.npmmirror.com%2Fmarkdown-escapes%2Fdownload%2Fmarkdown-escapes-1.0.4.tgz"
  "version" "1.0.4"

"markdown-table@^1.1.0":
  "integrity" "sha1-n8tpvP24cXv9A5jG7C2TA2743mA="
  "resolved" "https://registry.nlark.com/markdown-table/download/markdown-table-1.1.3.tgz"
  "version" "1.1.3"

"markdown-to-ast@^6.0.3":
  "integrity" "sha1-yTlEL+4OIHSXXNcEnOgQPXvo8CE="
  "resolved" "https://registry.npmmirror.com/markdown-to-ast/download/markdown-to-ast-6.0.3.tgz"
  "version" "6.0.3"
  dependencies:
    "@textlint/ast-node-types" "^4.0.0"
    "debug" "^2.1.3"
    "remark" "^7.0.1"
    "structured-source" "^3.0.2"
    "traverse" "^0.6.6"

"mdast-util-compact@^1.0.0":
  "integrity" "sha1-1TG7dme1Ejq/IIWb4IbE0GyJRZM="
  "resolved" "https://registry.nlark.com/mdast-util-compact/download/mdast-util-compact-1.0.4.tgz?cache=0&sync_timestamp=1627636001332&other_urls=https%3A%2F%2Fregistry.nlark.com%2Fmdast-util-compact%2Fdownload%2Fmdast-util-compact-1.0.4.tgz"
  "version" "1.0.4"
  dependencies:
    "unist-util-visit" "^1.1.0"

"mimic-fn@^2.1.0":
  "integrity" "sha512-OqbOk5oEQeAZ8WXWydlu9HJjz9WVdEIvamMCcXmuqUYjTknH/sqsWvhQ3vgwKFRR1HpjvNBKQ37nbJgYzGqGcg=="
  "resolved" "https://registry.npmmirror.com/mimic-fn/-/mimic-fn-2.1.0.tgz"
  "version" "2.1.0"

"minimatch@^3.0.4":
  "integrity" "sha1-UWbihkV/AzBgZL5Ul+jbsMPTIIM="
  "resolved" "https://registry.npm.taobao.org/minimatch/download/minimatch-3.0.4.tgz"
  "version" "3.0.4"
  dependencies:
    "brace-expansion" "^1.1.7"

"ms@2.0.0":
  "integrity" "sha1-VgiurfwAvmwpAd9fmGF4jeDVl8g="
  "resolved" "https://registry.npmmirror.com/ms/download/ms-2.0.0.tgz"
  "version" "2.0.0"

"nanoid@^3.1.30":
  "integrity" "sha1-Y/k8xUjSoRPcXfvGO/oJ4rm2Q2I="
  "resolved" "https://registry.npmmirror.com/nanoid/download/nanoid-3.1.30.tgz"
  "version" "3.1.30"

"once@^1.3.0":
  "integrity" "sha1-WDsap3WWHUsROsF9nFC6753Xa9E="
  "resolved" "https://registry.nlark.com/once/download/once-1.4.0.tgz"
  "version" "1.4.0"
  dependencies:
    "wrappy" "1"

"onetime@^5.1.0":
  "integrity" "sha512-kbpaSSGJTWdAY5KPVeMOKXSrPtr8C8C7wodJbcsd51jRnmD+GZu8Y0VoU6Dm5Z4vWr0Ig/1NKuWRKf7j5aaYSg=="
  "resolved" "https://registry.npmmirror.com/onetime/-/onetime-5.1.2.tgz"
  "version" "5.1.2"
  dependencies:
    "mimic-fn" "^2.1.0"

"ora@5.4.1":
  "integrity" "sha512-5b6Y85tPxZZ7QytO+BQzysW31HJku27cRIlkbAXaNx+BdcVi+LlRFmVXzeF6a7JCwJpyw5c4b+YSVImQIrBpuQ=="
  "resolved" "https://registry.npmmirror.com/ora/-/ora-5.4.1.tgz"
  "version" "5.4.1"
  dependencies:
    "bl" "^4.1.0"
    "chalk" "^4.1.0"
    "cli-cursor" "^3.1.0"
    "cli-spinners" "^2.5.0"
    "is-interactive" "^1.0.0"
    "is-unicode-supported" "^0.1.0"
    "log-symbols" "^4.1.0"
    "strip-ansi" "^6.0.0"
    "wcwidth" "^1.0.1"

"parse-entities@^1.0.2":
  "integrity" "sha1-wxvw9lO2ZhNU+Jc1WcuG3R1e31A="
  "resolved" "https://registry.npmmirror.com/parse-entities/download/parse-entities-1.2.2.tgz"
  "version" "1.2.2"
  dependencies:
    "character-entities" "^1.0.0"
    "character-entities-legacy" "^1.0.0"
    "character-reference-invalid" "^1.0.0"
    "is-alphanumerical" "^1.0.0"
    "is-decimal" "^1.0.0"
    "is-hexadecimal" "^1.0.0"

"path-is-absolute@^1.0.0":
  "integrity" "sha1-F0uSaHNVNP+8es5r9TpanhtcX18="
  "resolved" "https://registry.nlark.com/path-is-absolute/download/path-is-absolute-1.0.1.tgz"
  "version" "1.0.1"

"path-key@^3.1.0":
  "integrity" "sha1-WB9q3mWMu6ZaDTOA3ndTKVBU83U="
  "resolved" "https://registry.nlark.com/path-key/download/path-key-3.1.1.tgz"
  "version" "3.1.1"

"picocolors@^1.0.0":
  "integrity" "sha1-y1vcdP8/UYkiNur3nWi8RFZKuBw="
  "resolved" "https://registry.npmmirror.com/picocolors/download/picocolors-1.0.0.tgz?cache=0&sync_timestamp=1634093378416&other_urls=https%3A%2F%2Fregistry.npmmirror.com%2Fpicocolors%2Fdownload%2Fpicocolors-1.0.0.tgz"
  "version" "1.0.0"

"postcss@^8.1.10":
  "integrity" "sha1-w77KfqgRzV4cSj7G0udZnvH4+Fg="
  "resolved" "https://registry.npmmirror.com/postcss/download/postcss-8.3.11.tgz"
  "version" "8.3.11"
  dependencies:
    "nanoid" "^3.1.30"
    "picocolors" "^1.0.0"
    "source-map-js" "^0.6.2"

"prettier@^2.4.1":
  "integrity" "sha1-Zx4RyJwUpM/Ids5WQQbEpnJsn1w="
  "resolved" "https://registry.nlark.com/prettier/download/prettier-2.4.1.tgz?cache=0&sync_timestamp=1631777167012&other_urls=https%3A%2F%2Fregistry.nlark.com%2Fprettier%2Fdownload%2Fprettier-2.4.1.tgz"
  "version" "2.4.1"

"readable-stream@^3.4.0":
  "integrity" "sha512-BViHy7LKeTz4oNnkcLJ+lVSL6vpiFeX6/d3oSH8zCW7UxP2onchk+vTGB143xuFjHS3deTgkKoXXymXqymiIdA=="
  "resolved" "https://registry.npmmirror.com/readable-stream/-/readable-stream-3.6.0.tgz"
  "version" "3.6.0"
  dependencies:
    "inherits" "^2.0.3"
    "string_decoder" "^1.1.1"
    "util-deprecate" "^1.0.1"

"remark-parse@^3.0.0":
  "integrity" "sha1-G5+EGkTY9PvyJGhQJlRZpOs1TIA="
  "resolved" "https://registry.nlark.com/remark-parse/download/remark-parse-3.0.1.tgz?cache=0&sync_timestamp=1627989789864&other_urls=https%3A%2F%2Fregistry.nlark.com%2Fremark-parse%2Fdownload%2Fremark-parse-3.0.1.tgz"
  "version" "3.0.1"
  dependencies:
    "collapse-white-space" "^1.0.2"
    "has" "^1.0.1"
    "is-alphabetical" "^1.0.0"
    "is-decimal" "^1.0.0"
    "is-whitespace-character" "^1.0.0"
    "is-word-character" "^1.0.0"
    "markdown-escapes" "^1.0.0"
    "parse-entities" "^1.0.2"
    "repeat-string" "^1.5.4"
    "state-toggle" "^1.0.0"
    "trim" "0.0.1"
    "trim-trailing-lines" "^1.0.0"
    "unherit" "^1.0.4"
    "unist-util-remove-position" "^1.0.0"
    "vfile-location" "^2.0.0"
    "xtend" "^4.0.1"

"remark-stringify@^3.0.0":
  "integrity" "sha1-eSQr6+CnUggbWAlRb6DAbt7Aac8="
  "resolved" "https://registry.npmmirror.com/remark-stringify/download/remark-stringify-3.0.1.tgz"
  "version" "3.0.1"
  dependencies:
    "ccount" "^1.0.0"
    "is-alphanumeric" "^1.0.0"
    "is-decimal" "^1.0.0"
    "is-whitespace-character" "^1.0.0"
    "longest-streak" "^2.0.1"
    "markdown-escapes" "^1.0.0"
    "markdown-table" "^1.1.0"
    "mdast-util-compact" "^1.0.0"
    "parse-entities" "^1.0.2"
    "repeat-string" "^1.5.4"
    "state-toggle" "^1.0.0"
    "stringify-entities" "^1.0.1"
    "unherit" "^1.0.4"
    "xtend" "^4.0.1"

"remark@^7.0.1":
  "integrity" "sha1-pd5NrPq/D2CkmCbvJMR5gH+QS/s="
  "resolved" "https://registry.nlark.com/remark/download/remark-7.0.1.tgz"
  "version" "7.0.1"
  dependencies:
    "remark-parse" "^3.0.0"
    "remark-stringify" "^3.0.0"
    "unified" "^6.0.0"

"repeat-string@^1.5.4":
  "integrity" "sha1-jcrkcOHIirwtYA//Sndihtp15jc="
  "resolved" "https://registry.npm.taobao.org/repeat-string/download/repeat-string-1.6.1.tgz"
  "version" "1.6.1"

"replace-ext@1.0.0":
  "integrity" "sha1-3mMSg3P8v3w8z6TeWkgMRaZ5WOs="
  "resolved" "https://registry.npm.taobao.org/replace-ext/download/replace-ext-1.0.0.tgz"
  "version" "1.0.0"

"restore-cursor@^3.1.0":
  "integrity" "sha512-l+sSefzHpj5qimhFSE5a8nufZYAM3sBSVMAPtYkmC+4EH2anSGaEMXSD0izRQbu9nfyQ9y5JrVmp7E8oZrUjvA=="
  "resolved" "https://registry.npmmirror.com/restore-cursor/-/restore-cursor-3.1.0.tgz"
  "version" "3.1.0"
  dependencies:
    "onetime" "^5.1.0"
    "signal-exit" "^3.0.2"

"safe-buffer@~5.2.0":
  "integrity" "sha512-rp3So07KcdmmKbGvgaNxQSJr7bGVSVk5S9Eq1F+ppbRo70+YeaDxkw5Dd8NPN+GD6bjnYm2VuPuCXmpuYvmCXQ=="
  "resolved" "https://registry.npmmirror.com/safe-buffer/-/safe-buffer-5.2.1.tgz"
  "version" "5.2.1"

"shebang-command@^2.0.0":
  "integrity" "sha1-zNCvT4g1+9wmW4JGGq8MNmY/NOo="
  "resolved" "https://registry.npm.taobao.org/shebang-command/download/shebang-command-2.0.0.tgz"
  "version" "2.0.0"
  dependencies:
    "shebang-regex" "^3.0.0"

"shebang-regex@^3.0.0":
  "integrity" "sha1-rhbxZE2HPsrYQ7AwexQzYtTEIXI="
  "resolved" "https://registry.nlark.com/shebang-regex/download/shebang-regex-3.0.0.tgz?cache=0&sync_timestamp=1628896299850&other_urls=https%3A%2F%2Fregistry.nlark.com%2Fshebang-regex%2Fdownload%2Fshebang-regex-3.0.0.tgz"
  "version" "3.0.0"

"signal-exit@^3.0.2":
  "integrity" "sha512-wnD2ZE+l+SPC/uoS0vXeE9L1+0wuaMqKlfz9AMUo38JsyLSBWSFcHR1Rri62LZc12vLr1gb3jl7iwQhgwpAbGQ=="
  "resolved" "https://registry.npmmirror.com/signal-exit/-/signal-exit-3.0.7.tgz"
  "version" "3.0.7"

"source-map-js@^0.6.2":
  "integrity" "sha1-C7XeYxtBz72mz7qL0FqA79/SOF4="
  "resolved" "https://registry.npm.taobao.org/source-map-js/download/source-map-js-0.6.2.tgz"
  "version" "0.6.2"

"source-map@^0.6.1":
  "integrity" "sha512-UjgapumWlbMhkBgzT7Ykc5YXUT46F0iKu8SGXq0bcwP5dz/h0Plj6enJqjz1Zbq2l5WaqYnrVbwWOWMyF3F47g=="
  "resolved" "https://registry.npmmirror.com/source-map/-/source-map-0.6.1.tgz"
  "version" "0.6.1"

"sourcemap-codec@^1.4.4":
  "integrity" "sha1-6oBL2UhXQC5pktBaOO8a41qatMQ="
  "resolved" "https://registry.npm.taobao.org/sourcemap-codec/download/sourcemap-codec-1.4.8.tgz"
  "version" "1.4.8"

"state-toggle@^1.0.0":
  "integrity" "sha1-4SOxaojhQxObCcaFIiG8mBWRff4="
  "resolved" "https://registry.npm.taobao.org/state-toggle/download/state-toggle-1.0.3.tgz?cache=0&sync_timestamp=1615190484861&other_urls=https%3A%2F%2Fregistry.npm.taobao.org%2Fstate-toggle%2Fdownload%2Fstate-toggle-1.0.3.tgz"
  "version" "1.0.3"

"string_decoder@^1.1.1":
  "integrity" "sha512-hkRX8U1WjJFd8LsDJ2yQ/wWWxaopEsABU1XfkM8A+j0+85JAGppt16cr1Whg6KIbb4okU6Mql6BOj+uup/wKeA=="
  "resolved" "https://registry.npmmirror.com/string_decoder/-/string_decoder-1.3.0.tgz"
  "version" "1.3.0"
  dependencies:
    "safe-buffer" "~5.2.0"

"stringify-entities@^1.0.1":
  "integrity" "sha1-qYQX5Ucf0iez5F09sYYcEcr2aPc="
  "resolved" "https://registry.npmmirror.com/stringify-entities/download/stringify-entities-1.3.2.tgz"
  "version" "1.3.2"
  dependencies:
    "character-entities-html4" "^1.0.0"
    "character-entities-legacy" "^1.0.0"
    "is-alphanumerical" "^1.0.0"
    "is-hexadecimal" "^1.0.0"

"strip-ansi@^6.0.0":
  "integrity" "sha512-Y38VPSHcqkFrCpFnQ9vuSXmquuv5oXOKpGeT6aGrr3o3Gc9AlVa6JBfUSOCnbxGGZF+/0ooI7KrPuUSztUdU5A=="
  "resolved" "https://registry.npmmirror.com/strip-ansi/-/strip-ansi-6.0.1.tgz"
  "version" "6.0.1"
  dependencies:
    "ansi-regex" "^5.0.1"

"structured-source@^3.0.2":
  "integrity" "sha1-3YAkJeD1PcSm56yjdSkBoczaevU="
  "resolved" "https://registry.npmmirror.com/structured-source/download/structured-source-3.0.2.tgz"
  "version" "3.0.2"
  dependencies:
    "boundary" "^1.0.1"

"supports-color@^7.1.0":
  "integrity" "sha512-qpCAvRl9stuOHveKsn7HncJRvv501qIacKzQlO/+Lwxc9+0q2wLyv4Dfvt80/DPn2pqOBsJdDiogXGR9+OvwRw=="
  "resolved" "https://registry.npmmirror.com/supports-color/-/supports-color-7.2.0.tgz"
  "version" "7.2.0"
  dependencies:
    "has-flag" "^4.0.0"

"traverse@^0.6.6":
  "integrity" "sha1-y99WD9e5r2MlAv7UD5GMFX6pcTc="
  "resolved" "https://registry.npm.taobao.org/traverse/download/traverse-0.6.6.tgz"
  "version" "0.6.6"

"trim-trailing-lines@^1.0.0":
  "integrity" "sha1-vUq77HzIgEYvELLItc4djR7HwsA="
  "resolved" "https://registry.nlark.com/trim-trailing-lines/download/trim-trailing-lines-1.1.4.tgz"
  "version" "1.1.4"

"trim@0.0.1":
  "integrity" "sha1-WFhUf2spB1fulczMZm+1AITEYN0="
  "resolved" "https://registry.npm.taobao.org/trim/download/trim-0.0.1.tgz?cache=0&sync_timestamp=1617312392149&other_urls=https%3A%2F%2Fregistry.npm.taobao.org%2Ftrim%2Fdownload%2Ftrim-0.0.1.tgz"
  "version" "0.0.1"

"trough@^1.0.0":
  "integrity" "sha1-uLY5zvrX0LsqvTfUM/+Ck++l9AY="
  "resolved" "https://registry.nlark.com/trough/download/trough-1.0.5.tgz"
  "version" "1.0.5"

"unherit@^1.0.4":
  "integrity" "sha1-bJtQPytBsmIzDIDpHIYUq9qmnCI="
  "resolved" "https://registry.nlark.com/unherit/download/unherit-1.1.3.tgz"
  "version" "1.1.3"
  dependencies:
    "inherits" "^2.0.0"
    "xtend" "^4.0.0"

"unified@^6.0.0":
  "integrity" "sha1-f71jD3GRJtZ9QMZEt+P2FwNfbbo="
  "resolved" "https://registry.nlark.com/unified/download/unified-6.2.0.tgz?cache=0&sync_timestamp=1627639621063&other_urls=https%3A%2F%2Fregistry.nlark.com%2Funified%2Fdownload%2Funified-6.2.0.tgz"
  "version" "6.2.0"
  dependencies:
    "bail" "^1.0.0"
    "extend" "^3.0.0"
    "is-plain-obj" "^1.1.0"
    "trough" "^1.0.0"
    "vfile" "^2.0.0"
    "x-is-string" "^0.1.0"

"unist-util-is@^3.0.0":
  "integrity" "sha1-2ehDgcJGjoJinkpb6dfQWi3TJM0="
  "resolved" "https://registry.nlark.com/unist-util-is/download/unist-util-is-3.0.0.tgz"
  "version" "3.0.0"

"unist-util-remove-position@^1.0.0":
  "integrity" "sha1-7ANzSLYQLIl3A+7m0ClMpHVaICA="
  "resolved" "https://registry.nlark.com/unist-util-remove-position/download/unist-util-remove-position-1.1.4.tgz"
  "version" "1.1.4"
  dependencies:
    "unist-util-visit" "^1.1.0"

"unist-util-stringify-position@^1.0.0", "unist-util-stringify-position@^1.1.1":
  "integrity" "sha1-Pzf881EnncvKdICrWIm7ioMu4cY="
  "resolved" "https://registry.npm.taobao.org/unist-util-stringify-position/download/unist-util-stringify-position-1.1.2.tgz"
  "version" "1.1.2"

"unist-util-visit-parents@^2.0.0":
  "integrity" "sha1-JeQ+VTEhZvM0jK5nQ1iHgdESwek="
  "resolved" "https://registry.nlark.com/unist-util-visit-parents/download/unist-util-visit-parents-2.1.2.tgz?cache=0&sync_timestamp=1632208991791&other_urls=https%3A%2F%2Fregistry.nlark.com%2Funist-util-visit-parents%2Fdownload%2Funist-util-visit-parents-2.1.2.tgz"
  "version" "2.1.2"
  dependencies:
    "unist-util-is" "^3.0.0"

"unist-util-visit@^1.1.0":
  "integrity" "sha1-RySqqEhububibX/zyGhZYNVgseM="
  "resolved" "https://registry.npmmirror.com/unist-util-visit/download/unist-util-visit-1.4.1.tgz?cache=0&sync_timestamp=1632405298952&other_urls=https%3A%2F%2Fregistry.npmmirror.com%2Funist-util-visit%2Fdownload%2Funist-util-visit-1.4.1.tgz"
  "version" "1.4.1"
  dependencies:
    "unist-util-visit-parents" "^2.0.0"

"util-deprecate@^1.0.1":
  "integrity" "sha512-EPD5q1uXyFxJpCrLnCc1nHnq3gOa6DZBocAIiI2TaSCA7VCJ1UJDMagCzIkXNsUYfD1daK//LTEQ8xiIbrHtcw=="
  "resolved" "https://registry.npmmirror.com/util-deprecate/-/util-deprecate-1.0.2.tgz"
  "version" "1.0.2"

"vfile-location@^2.0.0":
  "integrity" "sha1-iidPOUEbhxnqVyiALhDZ4N/xUZ4="
  "resolved" "https://registry.nlark.com/vfile-location/download/vfile-location-2.0.6.tgz"
  "version" "2.0.6"

"vfile-message@^1.0.0":
  "integrity" "sha1-WDOuB4od+i2W6WR4hs0ymTqzE+E="
  "resolved" "https://registry.nlark.com/vfile-message/download/vfile-message-1.1.1.tgz"
  "version" "1.1.1"
  dependencies:
    "unist-util-stringify-position" "^1.1.1"

"vfile@^2.0.0":
  "integrity" "sha1-5i2OcrIOg8MkvGxnJ47ickiL+Eo="
  "resolved" "https://registry.npmmirror.com/vfile/download/vfile-2.3.0.tgz"
  "version" "2.3.0"
  dependencies:
    "is-buffer" "^1.1.4"
    "replace-ext" "1.0.0"
    "unist-util-stringify-position" "^1.0.0"
    "vfile-message" "^1.0.0"

"vue@^3.0.0", "vue@3.2.20":
  "integrity" "sha1-lA+KqL8+O+eCQ8pYK61B/NRa4+Y="
  "resolved" "https://registry.npmmirror.com/vue/download/vue-3.2.20.tgz?cache=0&sync_timestamp=1633712555314&other_urls=https%3A%2F%2Fregistry.npmmirror.com%2Fvue%2Fdownload%2Fvue-3.2.20.tgz"
  "version" "3.2.20"
  dependencies:
    "@vue/compiler-dom" "3.2.20"
    "@vue/compiler-sfc" "3.2.20"
    "@vue/runtime-dom" "3.2.20"
    "@vue/server-renderer" "3.2.20"
    "@vue/shared" "3.2.20"

"wcwidth@^1.0.1":
  "integrity" "sha512-XHPEwS0q6TaxcvG85+8EYkbiCux2XtWG2mkc47Ng2A77BQu9+DqIOJldST4HgPkuea7dvKSj5VgX3P1d4rW8Tg=="
  "resolved" "https://registry.npmmirror.com/wcwidth/-/wcwidth-1.0.1.tgz"
  "version" "1.0.1"
  dependencies:
    "defaults" "^1.0.3"

"which@^2.0.1":
  "integrity" "sha1-fGqN0KY2oDJ+ELWckobu6T8/UbE="
  "resolved" "https://registry.nlark.com/which/download/which-2.0.2.tgz"
  "version" "2.0.2"
  dependencies:
    "isexe" "^2.0.0"

"wrappy@1":
  "integrity" "sha1-tSQ9jz7BqjXxNkYFvA0QNuMKtp8="
  "resolved" "https://registry.nlark.com/wrappy/download/wrappy-1.0.2.tgz"
  "version" "1.0.2"

"x-is-string@^0.1.0":
  "integrity" "sha1-R0tQhlrzpJqcRlfwWs0UVFj3fYI="
  "resolved" "https://registry.npm.taobao.org/x-is-string/download/x-is-string-0.1.0.tgz"
  "version" "0.1.0"

"xtend@^4.0.0", "xtend@^4.0.1":
  "integrity" "sha512-LKYU1iAXJXUgAXn9URjiu+MWhyUXHsvfp7mcuYm9dSUKK0/CjtrUwFAxD82/mCWbtLsGjFIad0wIsod4zrTAEQ=="
  "resolved" "https://registry.npmmirror.com/xtend/-/xtend-4.0.2.tgz"
  "version" "4.0.2"
